
Microsoft Visual Studio Solution File, Format Version 11.00
# Visual Studio 2010
Project("{8BC9CEB8-8B4A-11D0-8D11-00A0C91BC942}") = "MASM_FP1", "MASM_FP1\MASM_FP1.vcxproj", "{2F9B0558-E0E7-4D86-9913-8839CB892B95}"
EndProject
Global
	GlobalSection(SolutionConfigurationPlatforms) = preSolution
		Debug|Win32 = Debug|Win32
		Release|Win32 = Release|Win32
	EndGlobalSection
	GlobalSection(ProjectConfigurationPlatforms) = postSolution
		{2F9B0558-E0E7-4D86-9913-8839CB892B95}.Debug|Win32.ActiveCfg = Debug|Win32
		{2F9B0558-E0E7-4D86-9913-8839CB892B95}.Debug|Win32.Build.0 = Debug|Win32
		{2F9B0558-E0E7-4D86-9913-8839CB892B95}.Release|Win32.ActiveCfg = Release|Win32
		{2F9B0558-E0E7-4D86-9913-8839CB892B95}.Release|Win32.Build.0 = Release|Win32
	EndGlobalSection
	GlobalSection(SolutionProperties) = preSolution
		HideSolutionNode = FALSE
	EndGlobalSection
EndGlobal
