
Microsoft Visual Studio Solution File, Format Version 11.00
# Visual Studio 2010
Project("{8BC9CEB8-8B4A-11D0-8D11-00A0C91BC942}") = "WFA_APP1", "WFA_APP1\WFA_APP1.vcxproj", "{1BF90BBA-1F94-4987-946A-C275B4159CFB}"
EndProject
Global
	GlobalSection(SolutionConfigurationPlatforms) = preSolution
		Debug|Win32 = Debug|Win32
		Release|Win32 = Release|Win32
	EndGlobalSection
	GlobalSection(ProjectConfigurationPlatforms) = postSolution
		{1BF90BBA-1F94-4987-946A-C275B4159CFB}.Debug|Win32.ActiveCfg = Debug|Win32
		{1BF90BBA-1F94-4987-946A-C275B4159CFB}.Debug|Win32.Build.0 = Debug|Win32
		{1BF90BBA-1F94-4987-946A-C275B4159CFB}.Release|Win32.ActiveCfg = Release|Win32
		{1BF90BBA-1F94-4987-946A-C275B4159CFB}.Release|Win32.Build.0 = Release|Win32
	EndGlobalSection
	GlobalSection(SolutionProperties) = preSolution
		HideSolutionNode = FALSE
	EndGlobalSection
EndGlobal
